
Microsoft Visual Studio Solution File, Format Version 10.00
# Visual Studio 2008
Project("{8BC9CEB8-8B4A-11D0-8D11-00A0C91BC942}") = "RenaissancePatch", "RenaissancePatch\RenaissancePatch.vc08.vcproj", "{B3735727-13A0-46D6-94E6-0D5DCC0C2D14}"
EndProject
Project("{8BC9CEB8-8B4A-11D0-8D11-00A0C91BC942}") = "RenaissancePatcher", "RenaissancePatcher\RenaissancePatcher.vc08.vcproj", "{3F4DE27C-BC3D-44A0-BAB6-BFEEEBF592A5}"
	ProjectSection(ProjectDependencies) = postProject
		{B3735727-13A0-46D6-94E6-0D5DCC0C2D14} = {B3735727-13A0-46D6-94E6-0D5DCC0C2D14}
	EndProjectSection
EndProject
Global
	GlobalSection(SolutionConfigurationPlatforms) = preSolution
		Debug|Win32 = Debug|Win32
		Release|Win32 = Release|Win32
	EndGlobalSection
	GlobalSection(ProjectConfigurationPlatforms) = postSolution
		{B3735727-13A0-46D6-94E6-0D5DCC0C2D14}.Debug|Win32.ActiveCfg = Debug Inj|Win32
		{B3735727-13A0-46D6-94E6-0D5DCC0C2D14}.Debug|Win32.Build.0 = Debug Inj|Win32
		{B3735727-13A0-46D6-94E6-0D5DCC0C2D14}.Release|Win32.ActiveCfg = Release Inj|Win32
		{B3735727-13A0-46D6-94E6-0D5DCC0C2D14}.Release|Win32.Build.0 = Release Inj|Win32
		{3F4DE27C-BC3D-44A0-BAB6-BFEEEBF592A5}.Debug|Win32.ActiveCfg = Debug|Win32
		{3F4DE27C-BC3D-44A0-BAB6-BFEEEBF592A5}.Debug|Win32.Build.0 = Debug|Win32
		{3F4DE27C-BC3D-44A0-BAB6-BFEEEBF592A5}.Release|Win32.ActiveCfg = Release|Win32
		{3F4DE27C-BC3D-44A0-BAB6-BFEEEBF592A5}.Release|Win32.Build.0 = Release|Win32
	EndGlobalSection
	GlobalSection(SolutionProperties) = preSolution
		HideSolutionNode = FALSE
	EndGlobalSection
EndGlobal
